
Microsoft Visual Studio Solution File, Format Version 12.00
# Visual Studio 15
VisualStudioVersion = 15.0.28010.2050
MinimumVisualStudioVersion = 10.0.40219.1
Project("{FAE04EC0-301F-11D3-BF4B-00C04F79EFBC}") = "PushServer", "PushServer\PushServer.csproj", "{9DBF637F-CEC8-41F3-BB98-E6614F286821}"
EndProject
Global
	GlobalSection(SolutionConfigurationPlatforms) = preSolution
		Debug|Any CPU = Debug|Any CPU
		Release|Any CPU = Release|Any CPU
	EndGlobalSection
	GlobalSection(ProjectConfigurationPlatforms) = postSolution
		{9DBF637F-CEC8-41F3-BB98-E6614F286821}.Debug|Any CPU.ActiveCfg = Debug|Any CPU
		{9DBF637F-CEC8-41F3-BB98-E6614F286821}.Debug|Any CPU.Build.0 = Debug|Any CPU
		{9DBF637F-CEC8-41F3-BB98-E6614F286821}.Release|Any CPU.ActiveCfg = Release|Any CPU
		{9DBF637F-CEC8-41F3-BB98-E6614F286821}.Release|Any CPU.Build.0 = Release|Any CPU
	EndGlobalSection
	GlobalSection(SolutionProperties) = preSolution
		HideSolutionNode = FALSE
	EndGlobalSection
	GlobalSection(ExtensibilityGlobals) = postSolution
		SolutionGuid = {34F32367-3E3C-423A-AA0C-609DA6E7E365}
	EndGlobalSection
EndGlobal
